
Microsoft Visual Studio Solution File, Format Version 12.00
# Visual Studio Version 17
VisualStudioVersion = 17.9.34607.119
MinimumVisualStudioVersion = 10.0.40219.1
Project("{FAE04EC0-301F-11D3-BF4B-00C04F79EFBC}") = "MovieTutorial.Web", "MovieTutorial\MovieTutorial.Web\MovieTutorial.Web.csproj", "{D889C81A-8790-4931-A9DB-8EED4242BCE2}"
EndProject
Global
	GlobalSection(SolutionConfigurationPlatforms) = preSolution
		Debug|Any CPU = Debug|Any CPU
		Release|Any CPU = Release|Any CPU
	EndGlobalSection
	GlobalSection(ProjectConfigurationPlatforms) = postSolution
		{D889C81A-8790-4931-A9DB-8EED4242BCE2}.Debug|Any CPU.ActiveCfg = Debug|Any CPU
		{D889C81A-8790-4931-A9DB-8EED4242BCE2}.Debug|Any CPU.Build.0 = Debug|Any CPU
		{D889C81A-8790-4931-A9DB-8EED4242BCE2}.Release|Any CPU.ActiveCfg = Release|Any CPU
		{D889C81A-8790-4931-A9DB-8EED4242BCE2}.Release|Any CPU.Build.0 = Release|Any CPU
	EndGlobalSection
	GlobalSection(SolutionProperties) = preSolution
		HideSolutionNode = FALSE
	EndGlobalSection
	GlobalSection(ExtensibilityGlobals) = postSolution
		SolutionGuid = {C3C64D72-B58B-469E-A105-D8EAE3D638B5}
	EndGlobalSection
EndGlobal
